
Microsoft Visual Studio Solution File, Format Version 12.00
# Visual Studio Version 16
VisualStudioVersion = 16.0.29418.71
MinimumVisualStudioVersion = 10.0.40219.1
Project("{FAE04EC0-301F-11D3-BF4B-00C04F79EFBC}") = "Grid in Grid.UWP", "Grid in Grid\Grid in Grid.UWP\Grid in Grid.UWP.csproj", "{2EBF98F5-D805-4DAB-9202-49EA975F3D34}"
EndProject
Project("{FAE04EC0-301F-11D3-BF4B-00C04F79EFBC}") = "Grid in Grid.Android", "Grid in Grid\Grid in Grid.Android\Grid in Grid.Android.csproj", "{F8EEA04D-9073-4EFB-B3DA-71309E845BF2}"
EndProject
Project("{FAE04EC0-301F-11D3-BF4B-00C04F79EFBC}") = "Grid in Grid.iOS", "Grid in Grid\Grid in Grid.iOS\Grid in Grid.iOS.csproj", "{EBD1899D-07D5-4122-91BC-90D3AE2F36FA}"
EndProject
Project("{FAE04EC0-301F-11D3-BF4B-00C04F79EFBC}") = "Grid in Grid", "Grid in Grid\Grid in Grid\Grid in Grid.csproj", "{AF1BA10D-8255-45DA-9484-FB0617CBC1C6}"
EndProject
Global
	GlobalSection(SolutionConfigurationPlatforms) = preSolution
		Debug|Any CPU = Debug|Any CPU
		Debug|ARM = Debug|ARM
		Debug|iPhone = Debug|iPhone
		Debug|iPhoneSimulator = Debug|iPhoneSimulator
		Debug|x64 = Debug|x64
		Debug|x86 = Debug|x86
		Release|Any CPU = Release|Any CPU
		Release|ARM = Release|ARM
		Release|iPhone = Release|iPhone
		Release|iPhoneSimulator = Release|iPhoneSimulator
		Release|x64 = Release|x64
		Release|x86 = Release|x86
	EndGlobalSection
	GlobalSection(ProjectConfigurationPlatforms) = postSolution
		{2EBF98F5-D805-4DAB-9202-49EA975F3D34}.Debug|Any CPU.ActiveCfg = Debug|x86
		{2EBF98F5-D805-4DAB-9202-49EA975F3D34}.Debug|Any CPU.Build.0 = Debug|x86
		{2EBF98F5-D805-4DAB-9202-49EA975F3D34}.Debug|Any CPU.Deploy.0 = Debug|x86
		{2EBF98F5-D805-4DAB-9202-49EA975F3D34}.Debug|ARM.ActiveCfg = Debug|ARM
		{2EBF98F5-D805-4DAB-9202-49EA975F3D34}.Debug|ARM.Build.0 = Debug|ARM
		{2EBF98F5-D805-4DAB-9202-49EA975F3D34}.Debug|ARM.Deploy.0 = Debug|ARM
		{2EBF98F5-D805-4DAB-9202-49EA975F3D34}.Debug|iPhone.ActiveCfg = Debug|x86
		{2EBF98F5-D805-4DAB-9202-49EA975F3D34}.Debug|iPhone.Build.0 = Debug|x86
		{2EBF98F5-D805-4DAB-9202-49EA975F3D34}.Debug|iPhone.Deploy.0 = Debug|x86
		{2EBF98F5-D805-4DAB-9202-49EA975F3D34}.Debug|iPhoneSimulator.ActiveCfg = Debug|x86
		{2EBF98F5-D805-4DAB-9202-49EA975F3D34}.Debug|iPhoneSimulator.Build.0 = Debug|x86
		{2EBF98F5-D805-4DAB-9202-49EA975F3D34}.Debug|iPhoneSimulator.Deploy.0 = Debug|x86
		{2EBF98F5-D805-4DAB-9202-49EA975F3D34}.Debug|x64.ActiveCfg = Debug|x64
		{2EBF98F5-D805-4DAB-9202-49EA975F3D34}.Debug|x64.Build.0 = Debug|x64
		{2EBF98F5-D805-4DAB-9202-49EA975F3D34}.Debug|x64.Deploy.0 = Debug|x64
		{2EBF98F5-D805-4DAB-9202-49EA975F3D34}.Debug|x86.ActiveCfg = Debug|x86
		{2EBF98F5-D805-4DAB-9202-49EA975F3D34}.Debug|x86.Build.0 = Debug|x86
		{2EBF98F5-D805-4DAB-9202-49EA975F3D34}.Debug|x86.Deploy.0 = Debug|x86
		{2EBF98F5-D805-4DAB-9202-49EA975F3D34}.Release|Any CPU.ActiveCfg = Release|x86
		{2EBF98F5-D805-4DAB-9202-49EA975F3D34}.Release|Any CPU.Build.0 = Release|x86
		{2EBF98F5-D805-4DAB-9202-49EA975F3D34}.Release|Any CPU.Deploy.0 = Release|x86
		{2EBF98F5-D805-4DAB-9202-49EA975F3D34}.Release|ARM.ActiveCfg = Release|ARM
		{2EBF98F5-D805-4DAB-9202-49EA975F3D34}.Release|ARM.Build.0 = Release|ARM
		{2EBF98F5-D805-4DAB-9202-49EA975F3D34}.Release|ARM.Deploy.0 = Release|ARM
		{2EBF98F5-D805-4DAB-9202-49EA975F3D34}.Release|iPhone.ActiveCfg = Release|x86
		{2EBF98F5-D805-4DAB-9202-49EA975F3D34}.Release|iPhone.Build.0 = Release|x86
		{2EBF98F5-D805-4DAB-9202-49EA975F3D34}.Release|iPhone.Deploy.0 = Release|x86
		{2EBF98F5-D805-4DAB-9202-49EA975F3D34}.Release|iPhoneSimulator.ActiveCfg = Release|x86
		{2EBF98F5-D805-4DAB-9202-49EA975F3D34}.Release|iPhoneSimulator.Build.0 = Release|x86
		{2EBF98F5-D805-4DAB-9202-49EA975F3D34}.Release|iPhoneSimulator.Deploy.0 = Release|x86
		{2EBF98F5-D805-4DAB-9202-49EA975F3D34}.Release|x64.ActiveCfg = Release|x64
		{2EBF98F5-D805-4DAB-9202-49EA975F3D34}.Release|x64.Build.0 = Release|x64
		{2EBF98F5-D805-4DAB-9202-49EA975F3D34}.Release|x64.Deploy.0 = Release|x64
		{2EBF98F5-D805-4DAB-9202-49EA975F3D34}.Release|x86.ActiveCfg = Release|x86
		{2EBF98F5-D805-4DAB-9202-49EA975F3D34}.Release|x86.Build.0 = Release|x86
		{2EBF98F5-D805-4DAB-9202-49EA975F3D34}.Release|x86.Deploy.0 = Release|x86
		{F8EEA04D-9073-4EFB-B3DA-71309E845BF2}.Debug|Any CPU.ActiveCfg = Debug|Any CPU
		{F8EEA04D-9073-4EFB-B3DA-71309E845BF2}.Debug|Any CPU.Build.0 = Debug|Any CPU
		{F8EEA04D-9073-4EFB-B3DA-71309E845BF2}.Debug|Any CPU.Deploy.0 = Debug|Any CPU
		{F8EEA04D-9073-4EFB-B3DA-71309E845BF2}.Debug|ARM.ActiveCfg = Debug|Any CPU
		{F8EEA04D-9073-4EFB-B3DA-71309E845BF2}.Debug|ARM.Build.0 = Debug|Any CPU
		{F8EEA04D-9073-4EFB-B3DA-71309E845BF2}.Debug|ARM.Deploy.0 = Debug|Any CPU
		{F8EEA04D-9073-4EFB-B3DA-71309E845BF2}.Debug|iPhone.ActiveCfg = Debug|Any CPU
		{F8EEA04D-9073-4EFB-B3DA-71309E845BF2}.Debug|iPhone.Build.0 = Debug|Any CPU
		{F8EEA04D-9073-4EFB-B3DA-71309E845BF2}.Debug|iPhone.Deploy.0 = Debug|Any CPU
		{F8EEA04D-9073-4EFB-B3DA-71309E845BF2}.Debug|iPhoneSimulator.ActiveCfg = Debug|Any CPU
		{F8EEA04D-9073-4EFB-B3DA-71309E845BF2}.Debug|iPhoneSimulator.Build.0 = Debug|Any CPU
		{F8EEA04D-9073-4EFB-B3DA-71309E845BF2}.Debug|iPhoneSimulator.Deploy.0 = Debug|Any CPU
		{F8EEA04D-9073-4EFB-B3DA-71309E845BF2}.Debug|x64.ActiveCfg = Debug|Any CPU
		{F8EEA04D-9073-4EFB-B3DA-71309E845BF2}.Debug|x64.Build.0 = Debug|Any CPU
		{F8EEA04D-9073-4EFB-B3DA-71309E845BF2}.Debug|x64.Deploy.0 = Debug|Any CPU
		{F8EEA04D-9073-4EFB-B3DA-71309E845BF2}.Debug|x86.ActiveCfg = Debug|Any CPU
		{F8EEA04D-9073-4EFB-B3DA-71309E845BF2}.Debug|x86.Build.0 = Debug|Any CPU
		{F8EEA04D-9073-4EFB-B3DA-71309E845BF2}.Debug|x86.Deploy.0 = Debug|Any CPU
		{F8EEA04D-9073-4EFB-B3DA-71309E845BF2}.Release|Any CPU.ActiveCfg = Release|Any CPU
		{F8EEA04D-9073-4EFB-B3DA-71309E845BF2}.Release|Any CPU.Build.0 = Release|Any CPU
		{F8EEA04D-9073-4EFB-B3DA-71309E845BF2}.Release|Any CPU.Deploy.0 = Release|Any CPU
		{F8EEA04D-9073-4EFB-B3DA-71309E845BF2}.Release|ARM.ActiveCfg = Release|Any CPU
		{F8EEA04D-9073-4EFB-B3DA-71309E845BF2}.Release|ARM.Build.0 = Release|Any CPU
		{F8EEA04D-9073-4EFB-B3DA-71309E845BF2}.Release|ARM.Deploy.0 = Release|Any CPU
		{F8EEA04D-9073-4EFB-B3DA-71309E845BF2}.Release|iPhone.ActiveCfg = Release|Any CPU
		{F8EEA04D-9073-4EFB-B3DA-71309E845BF2}.Release|iPhone.Build.0 = Release|Any CPU
		{F8EEA04D-9073-4EFB-B3DA-71309E845BF2}.Release|iPhone.Deploy.0 = Release|Any CPU
		{F8EEA04D-9073-4EFB-B3DA-71309E845BF2}.Release|iPhoneSimulator.ActiveCfg = Release|Any CPU
		{F8EEA04D-9073-4EFB-B3DA-71309E845BF2}.Release|iPhoneSimulator.Build.0 = Release|Any CPU
		{F8EEA04D-9073-4EFB-B3DA-71309E845BF2}.Release|iPhoneSimulator.Deploy.0 = Release|Any CPU
		{F8EEA04D-9073-4EFB-B3DA-71309E845BF2}.Release|x64.ActiveCfg = Release|Any CPU
		{F8EEA04D-9073-4EFB-B3DA-71309E845BF2}.Release|x64.Build.0 = Release|Any CPU
		{F8EEA04D-9073-4EFB-B3DA-71309E845BF2}.Release|x64.Deploy.0 = Release|Any CPU
		{F8EEA04D-9073-4EFB-B3DA-71309E845BF2}.Release|x86.ActiveCfg = Release|Any CPU
		{F8EEA04D-9073-4EFB-B3DA-71309E845BF2}.Release|x86.Build.0 = Release|Any CPU
		{F8EEA04D-9073-4EFB-B3DA-71309E845BF2}.Release|x86.Deploy.0 = Release|Any CPU
		{EBD1899D-07D5-4122-91BC-90D3AE2F36FA}.Debug|Any CPU.ActiveCfg = Debug|iPhone
		{EBD1899D-07D5-4122-91BC-90D3AE2F36FA}.Debug|Any CPU.Build.0 = Debug|iPhone
		{EBD1899D-07D5-4122-91BC-90D3AE2F36FA}.Debug|Any CPU.Deploy.0 = Debug|iPhone
		{EBD1899D-07D5-4122-91BC-90D3AE2F36FA}.Debug|ARM.ActiveCfg = Debug|iPhoneSimulator
		{EBD1899D-07D5-4122-91BC-90D3AE2F36FA}.Debug|ARM.Build.0 = Debug|iPhoneSimulator
		{EBD1899D-07D5-4122-91BC-90D3AE2F36FA}.Debug|ARM.Deploy.0 = Debug|iPhoneSimulator
		{EBD1899D-07D5-4122-91BC-90D3AE2F36FA}.Debug|iPhone.ActiveCfg = Debug|iPhone
		{EBD1899D-07D5-4122-91BC-90D3AE2F36FA}.Debug|iPhone.Build.0 = Debug|iPhone
		{EBD1899D-07D5-4122-91BC-90D3AE2F36FA}.Debug|iPhone.Deploy.0 = Debug|iPhone
		{EBD1899D-07D5-4122-91BC-90D3AE2F36FA}.Debug|iPhoneSimulator.ActiveCfg = Debug|iPhoneSimulator
		{EBD1899D-07D5-4122-91BC-90D3AE2F36FA}.Debug|iPhoneSimulator.Build.0 = Debug|iPhoneSimulator
		{EBD1899D-07D5-4122-91BC-90D3AE2F36FA}.Debug|iPhoneSimulator.Deploy.0 = Debug|iPhoneSimulator
		{EBD1899D-07D5-4122-91BC-90D3AE2F36FA}.Debug|x64.ActiveCfg = Debug|iPhone
		{EBD1899D-07D5-4122-91BC-90D3AE2F36FA}.Debug|x64.Build.0 = Debug|iPhone
		{EBD1899D-07D5-4122-91BC-90D3AE2F36FA}.Debug|x64.Deploy.0 = Debug|iPhone
		{EBD1899D-07D5-4122-91BC-90D3AE2F36FA}.Debug|x86.ActiveCfg = Debug|iPhone
		{EBD1899D-07D5-4122-91BC-90D3AE2F36FA}.Debug|x86.Build.0 = Debug|iPhone
		{EBD1899D-07D5-4122-91BC-90D3AE2F36FA}.Debug|x86.Deploy.0 = Debug|iPhone
		{EBD1899D-07D5-4122-91BC-90D3AE2F36FA}.Release|Any CPU.ActiveCfg = Release|iPhone
		{EBD1899D-07D5-4122-91BC-90D3AE2F36FA}.Release|Any CPU.Build.0 = Release|iPhone
		{EBD1899D-07D5-4122-91BC-90D3AE2F36FA}.Release|Any CPU.Deploy.0 = Release|iPhone
		{EBD1899D-07D5-4122-91BC-90D3AE2F36FA}.Release|ARM.ActiveCfg = Release|iPhone
		{EBD1899D-07D5-4122-91BC-90D3AE2F36FA}.Release|ARM.Build.0 = Release|iPhone
		{EBD1899D-07D5-4122-91BC-90D3AE2F36FA}.Release|ARM.Deploy.0 = Release|iPhone
		{EBD1899D-07D5-4122-91BC-90D3AE2F36FA}.Release|iPhone.ActiveCfg = Release|iPhone
		{EBD1899D-07D5-4122-91BC-90D3AE2F36FA}.Release|iPhone.Build.0 = Release|iPhone
		{EBD1899D-07D5-4122-91BC-90D3AE2F36FA}.Release|iPhone.Deploy.0 = Release|iPhone
		{EBD1899D-07D5-4122-91BC-90D3AE2F36FA}.Release|iPhoneSimulator.ActiveCfg = Release|iPhoneSimulator
		{EBD1899D-07D5-4122-91BC-90D3AE2F36FA}.Release|iPhoneSimulator.Build.0 = Release|iPhoneSimulator
		{EBD1899D-07D5-4122-91BC-90D3AE2F36FA}.Release|iPhoneSimulator.Deploy.0 = Release|iPhoneSimulator
		{EBD1899D-07D5-4122-91BC-90D3AE2F36FA}.Release|x64.ActiveCfg = Release|iPhone
		{EBD1899D-07D5-4122-91BC-90D3AE2F36FA}.Release|x64.Build.0 = Release|iPhone
		{EBD1899D-07D5-4122-91BC-90D3AE2F36FA}.Release|x64.Deploy.0 = Release|iPhone
		{EBD1899D-07D5-4122-91BC-90D3AE2F36FA}.Release|x86.ActiveCfg = Release|iPhone
		{EBD1899D-07D5-4122-91BC-90D3AE2F36FA}.Release|x86.Build.0 = Release|iPhone
		{EBD1899D-07D5-4122-91BC-90D3AE2F36FA}.Release|x86.Deploy.0 = Release|iPhone
		{AF1BA10D-8255-45DA-9484-FB0617CBC1C6}.Debug|Any CPU.ActiveCfg = Debug|Any CPU
		{AF1BA10D-8255-45DA-9484-FB0617CBC1C6}.Debug|Any CPU.Build.0 = Debug|Any CPU
		{AF1BA10D-8255-45DA-9484-FB0617CBC1C6}.Debug|Any CPU.Deploy.0 = Debug|Any CPU
		{AF1BA10D-8255-45DA-9484-FB0617CBC1C6}.Debug|ARM.ActiveCfg = Debug|Any CPU
		{AF1BA10D-8255-45DA-9484-FB0617CBC1C6}.Debug|ARM.Build.0 = Debug|Any CPU
		{AF1BA10D-8255-45DA-9484-FB0617CBC1C6}.Debug|ARM.Deploy.0 = Debug|Any CPU
		{AF1BA10D-8255-45DA-9484-FB0617CBC1C6}.Debug|iPhone.ActiveCfg = Debug|Any CPU
		{AF1BA10D-8255-45DA-9484-FB0617CBC1C6}.Debug|iPhone.Build.0 = Debug|Any CPU
		{AF1BA10D-8255-45DA-9484-FB0617CBC1C6}.Debug|iPhone.Deploy.0 = Debug|Any CPU
		{AF1BA10D-8255-45DA-9484-FB0617CBC1C6}.Debug|iPhoneSimulator.ActiveCfg = Debug|Any CPU
		{AF1BA10D-8255-45DA-9484-FB0617CBC1C6}.Debug|iPhoneSimulator.Build.0 = Debug|Any CPU
		{AF1BA10D-8255-45DA-9484-FB0617CBC1C6}.Debug|iPhoneSimulator.Deploy.0 = Debug|Any CPU
		{AF1BA10D-8255-45DA-9484-FB0617CBC1C6}.Debug|x64.ActiveCfg = Debug|Any CPU
		{AF1BA10D-8255-45DA-9484-FB0617CBC1C6}.Debug|x64.Build.0 = Debug|Any CPU
		{AF1BA10D-8255-45DA-9484-FB0617CBC1C6}.Debug|x64.Deploy.0 = Debug|Any CPU
		{AF1BA10D-8255-45DA-9484-FB0617CBC1C6}.Debug|x86.ActiveCfg = Debug|Any CPU
		{AF1BA10D-8255-45DA-9484-FB0617CBC1C6}.Debug|x86.Build.0 = Debug|Any CPU
		{AF1BA10D-8255-45DA-9484-FB0617CBC1C6}.Debug|x86.Deploy.0 = Debug|Any CPU
		{AF1BA10D-8255-45DA-9484-FB0617CBC1C6}.Release|Any CPU.ActiveCfg = Release|Any CPU
		{AF1BA10D-8255-45DA-9484-FB0617CBC1C6}.Release|Any CPU.Build.0 = Release|Any CPU
		{AF1BA10D-8255-45DA-9484-FB0617CBC1C6}.Release|Any CPU.Deploy.0 = Release|Any CPU
		{AF1BA10D-8255-45DA-9484-FB0617CBC1C6}.Release|ARM.ActiveCfg = Release|Any CPU
		{AF1BA10D-8255-45DA-9484-FB0617CBC1C6}.Release|ARM.Build.0 = Release|Any CPU
		{AF1BA10D-8255-45DA-9484-FB0617CBC1C6}.Release|ARM.Deploy.0 = Release|Any CPU
		{AF1BA10D-8255-45DA-9484-FB0617CBC1C6}.Release|iPhone.ActiveCfg = Release|Any CPU
		{AF1BA10D-8255-45DA-9484-FB0617CBC1C6}.Release|iPhone.Build.0 = Release|Any CPU
		{AF1BA10D-8255-45DA-9484-FB0617CBC1C6}.Release|iPhone.Deploy.0 = Release|Any CPU
		{AF1BA10D-8255-45DA-9484-FB0617CBC1C6}.Release|iPhoneSimulator.ActiveCfg = Release|Any CPU
		{AF1BA10D-8255-45DA-9484-FB0617CBC1C6}.Release|iPhoneSimulator.Build.0 = Release|Any CPU
		{AF1BA10D-8255-45DA-9484-FB0617CBC1C6}.Release|iPhoneSimulator.Deploy.0 = Release|Any CPU
		{AF1BA10D-8255-45DA-9484-FB0617CBC1C6}.Release|x64.ActiveCfg = Release|Any CPU
		{AF1BA10D-8255-45DA-9484-FB0617CBC1C6}.Release|x64.Build.0 = Release|Any CPU
		{AF1BA10D-8255-45DA-9484-FB0617CBC1C6}.Release|x64.Deploy.0 = Release|Any CPU
		{AF1BA10D-8255-45DA-9484-FB0617CBC1C6}.Release|x86.ActiveCfg = Release|Any CPU
		{AF1BA10D-8255-45DA-9484-FB0617CBC1C6}.Release|x86.Build.0 = Release|Any CPU
		{AF1BA10D-8255-45DA-9484-FB0617CBC1C6}.Release|x86.Deploy.0 = Release|Any CPU
	EndGlobalSection
	GlobalSection(SolutionProperties) = preSolution
		HideSolutionNode = FALSE
	EndGlobalSection
	GlobalSection(ExtensibilityGlobals) = postSolution
		SolutionGuid = {7DBCC8D4-D33B-4E54-A42F-862A23128DEA}
	EndGlobalSection
EndGlobal
